
Microsoft Visual Studio Solution File, Format Version 12.00
# Visual Studio Version 17
VisualStudioVersion = 17.5.33530.505
MinimumVisualStudioVersion = 10.0.40219.1
Project("{9A19103F-16F7-4668-BE54-9A1E7A4F7556}") = "GeneratorTest", "GeneratorTest\GeneratorTest.csproj", "{ADA33213-B052-4FF4-AAC6-0376D1B442C4}"
EndProject
Project("{9A19103F-16F7-4668-BE54-9A1E7A4F7556}") = "SimpleGenerator", "SimpleGenerator\SimpleGenerator.csproj", "{141BA1B1-34BF-4DC3-A9B6-4EB6274008DC}"
EndProject
Global
	GlobalSection(SolutionConfigurationPlatforms) = preSolution
		Debug|Any CPU = Debug|Any CPU
		Release|Any CPU = Release|Any CPU
	EndGlobalSection
	GlobalSection(ProjectConfigurationPlatforms) = postSolution
		{ADA33213-B052-4FF4-AAC6-0376D1B442C4}.Debug|Any CPU.ActiveCfg = Debug|Any CPU
		{ADA33213-B052-4FF4-AAC6-0376D1B442C4}.Debug|Any CPU.Build.0 = Debug|Any CPU
		{ADA33213-B052-4FF4-AAC6-0376D1B442C4}.Release|Any CPU.ActiveCfg = Release|Any CPU
		{ADA33213-B052-4FF4-AAC6-0376D1B442C4}.Release|Any CPU.Build.0 = Release|Any CPU
		{141BA1B1-34BF-4DC3-A9B6-4EB6274008DC}.Debug|Any CPU.ActiveCfg = Debug|Any CPU
		{141BA1B1-34BF-4DC3-A9B6-4EB6274008DC}.Debug|Any CPU.Build.0 = Debug|Any CPU
		{141BA1B1-34BF-4DC3-A9B6-4EB6274008DC}.Release|Any CPU.ActiveCfg = Release|Any CPU
		{141BA1B1-34BF-4DC3-A9B6-4EB6274008DC}.Release|Any CPU.Build.0 = Release|Any CPU
	EndGlobalSection
	GlobalSection(SolutionProperties) = preSolution
		HideSolutionNode = FALSE
	EndGlobalSection
	GlobalSection(ExtensibilityGlobals) = postSolution
		SolutionGuid = {7A2A09AC-1ECB-4C88-87CE-7613E448E816}
	EndGlobalSection
EndGlobal
