
Microsoft Visual Studio Solution File, Format Version 12.00
# Visual Studio Version 17
VisualStudioVersion = 17.9.34723.18
MinimumVisualStudioVersion = 10.0.40219.1
Project("{9A19103F-16F7-4668-BE54-9A1E7A4F7556}") = "Basic", "Basic\Basic.csproj", "{ABEEA1B9-AC9E-41EC-A471-37E8878FCB25}"
EndProject
Project("{9A19103F-16F7-4668-BE54-9A1E7A4F7556}") = "SfmlExtensions", "SfmlExtensions\SfmlExtensions.csproj", "{FE9EC17B-CE57-4DC2-8AF7-A227D9D06A6E}"
EndProject
Project("{9A19103F-16F7-4668-BE54-9A1E7A4F7556}") = "TopDownShooter", "TopDownShooter\TopDownShooter.csproj", "{23DE71B3-BBD3-4B89-A65E-35FCF1539569}"
EndProject
Project("{9A19103F-16F7-4668-BE54-9A1E7A4F7556}") = "GameOfLife", "GameOfLife\GameOfLife.csproj", "{2347AEA9-288B-49A1-8ED5-0157E2D293C4}"
EndProject
Project("{9A19103F-16F7-4668-BE54-9A1E7A4F7556}") = "Advanced", "Advanced\Advanced.csproj", "{D421D463-5181-477F-8AB4-FFA9E418B950}"
EndProject
Global
	GlobalSection(SolutionConfigurationPlatforms) = preSolution
		Debug|Any CPU = Debug|Any CPU
		Release|Any CPU = Release|Any CPU
	EndGlobalSection
	GlobalSection(ProjectConfigurationPlatforms) = postSolution
		{ABEEA1B9-AC9E-41EC-A471-37E8878FCB25}.Debug|Any CPU.ActiveCfg = Debug|Any CPU
		{ABEEA1B9-AC9E-41EC-A471-37E8878FCB25}.Debug|Any CPU.Build.0 = Debug|Any CPU
		{ABEEA1B9-AC9E-41EC-A471-37E8878FCB25}.Release|Any CPU.ActiveCfg = Release|Any CPU
		{ABEEA1B9-AC9E-41EC-A471-37E8878FCB25}.Release|Any CPU.Build.0 = Release|Any CPU
		{FE9EC17B-CE57-4DC2-8AF7-A227D9D06A6E}.Debug|Any CPU.ActiveCfg = Debug|Any CPU
		{FE9EC17B-CE57-4DC2-8AF7-A227D9D06A6E}.Debug|Any CPU.Build.0 = Debug|Any CPU
		{FE9EC17B-CE57-4DC2-8AF7-A227D9D06A6E}.Release|Any CPU.ActiveCfg = Release|Any CPU
		{FE9EC17B-CE57-4DC2-8AF7-A227D9D06A6E}.Release|Any CPU.Build.0 = Release|Any CPU
		{23DE71B3-BBD3-4B89-A65E-35FCF1539569}.Debug|Any CPU.ActiveCfg = Debug|Any CPU
		{23DE71B3-BBD3-4B89-A65E-35FCF1539569}.Debug|Any CPU.Build.0 = Debug|Any CPU
		{23DE71B3-BBD3-4B89-A65E-35FCF1539569}.Release|Any CPU.ActiveCfg = Release|Any CPU
		{23DE71B3-BBD3-4B89-A65E-35FCF1539569}.Release|Any CPU.Build.0 = Release|Any CPU
		{2347AEA9-288B-49A1-8ED5-0157E2D293C4}.Debug|Any CPU.ActiveCfg = Debug|Any CPU
		{2347AEA9-288B-49A1-8ED5-0157E2D293C4}.Debug|Any CPU.Build.0 = Debug|Any CPU
		{2347AEA9-288B-49A1-8ED5-0157E2D293C4}.Release|Any CPU.ActiveCfg = Release|Any CPU
		{2347AEA9-288B-49A1-8ED5-0157E2D293C4}.Release|Any CPU.Build.0 = Release|Any CPU
		{D421D463-5181-477F-8AB4-FFA9E418B950}.Debug|Any CPU.ActiveCfg = Debug|Any CPU
		{D421D463-5181-477F-8AB4-FFA9E418B950}.Debug|Any CPU.Build.0 = Debug|Any CPU
		{D421D463-5181-477F-8AB4-FFA9E418B950}.Release|Any CPU.ActiveCfg = Release|Any CPU
		{D421D463-5181-477F-8AB4-FFA9E418B950}.Release|Any CPU.Build.0 = Release|Any CPU
	EndGlobalSection
	GlobalSection(SolutionProperties) = preSolution
		HideSolutionNode = FALSE
	EndGlobalSection
	GlobalSection(ExtensibilityGlobals) = postSolution
		SolutionGuid = {6E39A9A1-DCD3-4347-911A-9279B5106BA1}
	EndGlobalSection
EndGlobal
