
Microsoft Visual Studio Solution File, Format Version 12.00
# Visual Studio Version 17
VisualStudioVersion = 17.6.33717.318
MinimumVisualStudioVersion = 10.0.40219.1
Project("{FAE04EC0-301F-11D3-BF4B-00C04F79EFBC}") = "CecilTest", "CecilTest\CecilTest.csproj", "{41C826CB-B316-4D65-B54A-D4930A3AA8DB}"
EndProject
Project("{FAE04EC0-301F-11D3-BF4B-00C04F79EFBC}") = "Framework", "Framework\Framework.csproj", "{0E18492A-11D6-4583-B9C8-26D400A19C4F}"
EndProject
Project("{FAE04EC0-301F-11D3-BF4B-00C04F79EFBC}") = "Game", "Game\Game.csproj", "{C52DCA73-EA66-4C56-9FD9-D71B47579B15}"
EndProject
Global
	GlobalSection(SolutionConfigurationPlatforms) = preSolution
		Debug|Any CPU = Debug|Any CPU
		Release|Any CPU = Release|Any CPU
	EndGlobalSection
	GlobalSection(ProjectConfigurationPlatforms) = postSolution
		{41C826CB-B316-4D65-B54A-D4930A3AA8DB}.Debug|Any CPU.ActiveCfg = Debug|Any CPU
		{41C826CB-B316-4D65-B54A-D4930A3AA8DB}.Debug|Any CPU.Build.0 = Debug|Any CPU
		{41C826CB-B316-4D65-B54A-D4930A3AA8DB}.Release|Any CPU.ActiveCfg = Release|Any CPU
		{41C826CB-B316-4D65-B54A-D4930A3AA8DB}.Release|Any CPU.Build.0 = Release|Any CPU
		{0E18492A-11D6-4583-B9C8-26D400A19C4F}.Debug|Any CPU.ActiveCfg = Debug|Any CPU
		{0E18492A-11D6-4583-B9C8-26D400A19C4F}.Debug|Any CPU.Build.0 = Debug|Any CPU
		{0E18492A-11D6-4583-B9C8-26D400A19C4F}.Release|Any CPU.ActiveCfg = Release|Any CPU
		{0E18492A-11D6-4583-B9C8-26D400A19C4F}.Release|Any CPU.Build.0 = Release|Any CPU
		{C52DCA73-EA66-4C56-9FD9-D71B47579B15}.Debug|Any CPU.ActiveCfg = Debug|Any CPU
		{C52DCA73-EA66-4C56-9FD9-D71B47579B15}.Debug|Any CPU.Build.0 = Debug|Any CPU
		{C52DCA73-EA66-4C56-9FD9-D71B47579B15}.Release|Any CPU.ActiveCfg = Release|Any CPU
		{C52DCA73-EA66-4C56-9FD9-D71B47579B15}.Release|Any CPU.Build.0 = Release|Any CPU
	EndGlobalSection
	GlobalSection(SolutionProperties) = preSolution
		HideSolutionNode = FALSE
	EndGlobalSection
	GlobalSection(ExtensibilityGlobals) = postSolution
		SolutionGuid = {DC8EE11D-227D-480C-9DEF-BAEB6145D55A}
	EndGlobalSection
EndGlobal
